
Microsoft Visual Studio Solution File, Format Version 12.00
# Visual Studio 2012
Project("{FAE04EC0-301F-11D3-BF4B-00C04F79EFBC}") = "test_lib", "test_lib\test_lib.csproj", "{7B359697-620D-4D1C-B95F-E6783A7C6200}"
EndProject
Global
	GlobalSection(SolutionConfigurationPlatforms) = preSolution
		Debug|Any CPU = Debug|Any CPU
		Release|Any CPU = Release|Any CPU
	EndGlobalSection
	GlobalSection(ProjectConfigurationPlatforms) = postSolution
		{7B359697-620D-4D1C-B95F-E6783A7C6200}.Debug|Any CPU.ActiveCfg = Debug|Any CPU
		{7B359697-620D-4D1C-B95F-E6783A7C6200}.Debug|Any CPU.Build.0 = Debug|Any CPU
		{7B359697-620D-4D1C-B95F-E6783A7C6200}.Release|Any CPU.ActiveCfg = Release|Any CPU
		{7B359697-620D-4D1C-B95F-E6783A7C6200}.Release|Any CPU.Build.0 = Release|Any CPU
	EndGlobalSection
	GlobalSection(SolutionProperties) = preSolution
		HideSolutionNode = FALSE
	EndGlobalSection
EndGlobal
